
Microsoft Visual Studio Solution File, Format Version 12.00
# Visual Studio 15
VisualStudioVersion = 15.0.28307.421
MinimumVisualStudioVersion = 10.0.40219.1
Project("{FAE04EC0-301F-11D3-BF4B-00C04F79EFBC}") = "KalkulatorMiftahul", "KalkulatorMiftahul\KalkulatorMiftahul.csproj", "{8649F01A-1A66-4F27-81C4-8F8F58A196AB}"
EndProject
Global
	GlobalSection(SolutionConfigurationPlatforms) = preSolution
		Debug|Any CPU = Debug|Any CPU
		Release|Any CPU = Release|Any CPU
	EndGlobalSection
	GlobalSection(ProjectConfigurationPlatforms) = postSolution
		{8649F01A-1A66-4F27-81C4-8F8F58A196AB}.Debug|Any CPU.ActiveCfg = Debug|Any CPU
		{8649F01A-1A66-4F27-81C4-8F8F58A196AB}.Debug|Any CPU.Build.0 = Debug|Any CPU
		{8649F01A-1A66-4F27-81C4-8F8F58A196AB}.Release|Any CPU.ActiveCfg = Release|Any CPU
		{8649F01A-1A66-4F27-81C4-8F8F58A196AB}.Release|Any CPU.Build.0 = Release|Any CPU
	EndGlobalSection
	GlobalSection(SolutionProperties) = preSolution
		HideSolutionNode = FALSE
	EndGlobalSection
	GlobalSection(ExtensibilityGlobals) = postSolution
		SolutionGuid = {0240E353-889B-4C0C-AFDF-D24A67D1900A}
	EndGlobalSection
EndGlobal
