
Microsoft Visual Studio Solution File, Format Version 12.00
# Visual Studio 15
VisualStudioVersion = 15.0.28307.421
MinimumVisualStudioVersion = 10.0.40219.1
Project("{FAE04EC0-301F-11D3-BF4B-00C04F79EFBC}") = "MiftahulHudaCoreApp", "MiftahulHudaCoreApp\MiftahulHudaCoreApp.csproj", "{BD0C8DFF-FBA7-467F-BF60-7CCE0DE7533F}"
EndProject
Global
	GlobalSection(SolutionConfigurationPlatforms) = preSolution
		Debug|Any CPU = Debug|Any CPU
		Release|Any CPU = Release|Any CPU
	EndGlobalSection
	GlobalSection(ProjectConfigurationPlatforms) = postSolution
		{BD0C8DFF-FBA7-467F-BF60-7CCE0DE7533F}.Debug|Any CPU.ActiveCfg = Debug|Any CPU
		{BD0C8DFF-FBA7-467F-BF60-7CCE0DE7533F}.Debug|Any CPU.Build.0 = Debug|Any CPU
		{BD0C8DFF-FBA7-467F-BF60-7CCE0DE7533F}.Release|Any CPU.ActiveCfg = Release|Any CPU
		{BD0C8DFF-FBA7-467F-BF60-7CCE0DE7533F}.Release|Any CPU.Build.0 = Release|Any CPU
	EndGlobalSection
	GlobalSection(SolutionProperties) = preSolution
		HideSolutionNode = FALSE
	EndGlobalSection
	GlobalSection(ExtensibilityGlobals) = postSolution
		SolutionGuid = {62126355-2D0C-4F3B-9B4E-A5311287614B}
	EndGlobalSection
EndGlobal
