
Microsoft Visual Studio Solution File, Format Version 12.00
# Visual Studio 15
VisualStudioVersion = 15.0.28307.421
MinimumVisualStudioVersion = 10.0.40219.1
Project("{FAE04EC0-301F-11D3-BF4B-00C04F79EFBC}") = "M.Hibatillah_WebApplication", "M.Hibatillah_WebApplication\M.Hibatillah_WebApplication.csproj", "{69CCFB1A-A2E8-4EE7-8769-F43C17F88599}"
EndProject
Global
	GlobalSection(SolutionConfigurationPlatforms) = preSolution
		Debug|Any CPU = Debug|Any CPU
		Release|Any CPU = Release|Any CPU
	EndGlobalSection
	GlobalSection(ProjectConfigurationPlatforms) = postSolution
		{69CCFB1A-A2E8-4EE7-8769-F43C17F88599}.Debug|Any CPU.ActiveCfg = Debug|Any CPU
		{69CCFB1A-A2E8-4EE7-8769-F43C17F88599}.Debug|Any CPU.Build.0 = Debug|Any CPU
		{69CCFB1A-A2E8-4EE7-8769-F43C17F88599}.Release|Any CPU.ActiveCfg = Release|Any CPU
		{69CCFB1A-A2E8-4EE7-8769-F43C17F88599}.Release|Any CPU.Build.0 = Release|Any CPU
	EndGlobalSection
	GlobalSection(SolutionProperties) = preSolution
		HideSolutionNode = FALSE
	EndGlobalSection
	GlobalSection(ExtensibilityGlobals) = postSolution
		SolutionGuid = {627BCA0D-4AA1-4C47-A3D7-3EC40F8B2BE7}
	EndGlobalSection
EndGlobal
